
Microsoft Visual Studio Solution File, Format Version 12.00
# Visual Studio 15
VisualStudioVersion = 15.0.27428.2043
MinimumVisualStudioVersion = 10.0.40219.1
Project("{FAE04EC0-301F-11D3-BF4B-00C04F79EFBC}") = "Car Comparer", "Car Comparer\Car Comparer.csproj", "{2D87A623-2D40-4C50-AADF-FB3C301FDD2C}"
EndProject
Global
	GlobalSection(SolutionConfigurationPlatforms) = preSolution
		Debug|Any CPU = Debug|Any CPU
		Release|Any CPU = Release|Any CPU
	EndGlobalSection
	GlobalSection(ProjectConfigurationPlatforms) = postSolution
		{2D87A623-2D40-4C50-AADF-FB3C301FDD2C}.Debug|Any CPU.ActiveCfg = Debug|Any CPU
		{2D87A623-2D40-4C50-AADF-FB3C301FDD2C}.Debug|Any CPU.Build.0 = Debug|Any CPU
		{2D87A623-2D40-4C50-AADF-FB3C301FDD2C}.Release|Any CPU.ActiveCfg = Release|Any CPU
		{2D87A623-2D40-4C50-AADF-FB3C301FDD2C}.Release|Any CPU.Build.0 = Release|Any CPU
	EndGlobalSection
	GlobalSection(SolutionProperties) = preSolution
		HideSolutionNode = FALSE
	EndGlobalSection
	GlobalSection(ExtensibilityGlobals) = postSolution
		SolutionGuid = {FC6B03B2-AE01-44BF-8D67-5862917E0F6A}
	EndGlobalSection
EndGlobal
